
Microsoft Visual Studio Solution File, Format Version 12.00
# Visual Studio Version 16
VisualStudioVersion = 16.0.32228.343
MinimumVisualStudioVersion = 10.0.40219.1
Project("{8BC9CEB8-8B4A-11D0-8D11-00A0C91BC942}") = "cloud", "cloud.vcxproj", "{AB935485-B7F4-486C-8E97-609D2CC0068C}"
EndProject
Global
	GlobalSection(SolutionConfigurationPlatforms) = preSolution
		Debug|x64 = Debug|x64
		Debug|x86 = Debug|x86
		Release|x64 = Release|x64
		Release|x86 = Release|x86
	EndGlobalSection
	GlobalSection(ProjectConfigurationPlatforms) = postSolution
		{AB935485-B7F4-486C-8E97-609D2CC0068C}.Debug|x64.ActiveCfg = Debug|x64
		{AB935485-B7F4-486C-8E97-609D2CC0068C}.Debug|x64.Build.0 = Debug|x64
		{AB935485-B7F4-486C-8E97-609D2CC0068C}.Debug|x86.ActiveCfg = Debug|Win32
		{AB935485-B7F4-486C-8E97-609D2CC0068C}.Debug|x86.Build.0 = Debug|Win32
		{AB935485-B7F4-486C-8E97-609D2CC0068C}.Release|x64.ActiveCfg = Release|x64
		{AB935485-B7F4-486C-8E97-609D2CC0068C}.Release|x64.Build.0 = Release|x64
		{AB935485-B7F4-486C-8E97-609D2CC0068C}.Release|x86.ActiveCfg = Release|Win32
		{AB935485-B7F4-486C-8E97-609D2CC0068C}.Release|x86.Build.0 = Release|Win32
	EndGlobalSection
	GlobalSection(SolutionProperties) = preSolution
		HideSolutionNode = FALSE
	EndGlobalSection
	GlobalSection(ExtensibilityGlobals) = postSolution
		SolutionGuid = {E43E251F-ECE4-4B88-B494-3F510E6A451F}
	EndGlobalSection
EndGlobal
